// !$*UTF8*$!
{
	archiveVersion = 1;
	classes = {
	};
	objectVersion = 46;
	objects = {

/* Begin PBXBuildFile section */
		103C739715F6530F00E8153F /* Boundary.cpp in Sources */ = {isa = PBXBuildFile; fileRef = 103C739515F6530F00E8153F /* Boundary.cpp */; };
		104D9EC815FE8A500060E0F0 /* Util.cpp in Sources */ = {isa = PBXBuildFile; fileRef = 104D9EC615FE8A500060E0F0 /* Util.cpp */; };
		10A30B83170D9788002295F8 /* NSFD.cpp in Sources */ = {isa = PBXBuildFile; fileRef = 10A30B82170D9788002295F8 /* NSFD.cpp */; };
		10A30B86170D9A90002295F8 /* matrix.cpp in Sources */ = {isa = PBXBuildFile; fileRef = 10A30B84170D9A8F002295F8 /* matrix.cpp */; };
		10D5143E174403EB004C803F /* grid.cpp in Sources */ = {isa = PBXBuildFile; fileRef = 10D5143C174403EB004C803F /* grid.cpp */; };
		B55CA48915C1B33900097BEB /* BubblePacking2D.cpp in Sources */ = {isa = PBXBuildFile; fileRef = B55CA48815C1B33900097BEB /* BubblePacking2D.cpp */; };
		B5C6888C15BEEC1400EE9E8F /* main.cpp in Sources */ = {isa = PBXBuildFile; fileRef = B5C6888B15BEEC1400EE9E8F /* main.cpp */; };
		B5C6888E15BEEC1400EE9E8F /* Yui.1 in CopyFiles */ = {isa = PBXBuildFile; fileRef = B5C6888D15BEEC1400EE9E8F /* Yui.1 */; };
		B5C6889515BEEC2F00EE9E8F /* GLUT.framework in Frameworks */ = {isa = PBXBuildFile; fileRef = B5C6889415BEEC2F00EE9E8F /* GLUT.framework */; };
		B5C6889715BEEC3600EE9E8F /* OpenGL.framework in Frameworks */ = {isa = PBXBuildFile; fileRef = B5C6889615BEEC3600EE9E8F /* OpenGL.framework */; };
		B5C688B415BEEF3100EE9E8F /* Subdivision.cpp in Sources */ = {isa = PBXBuildFile; fileRef = B5C6889815BEEF3100EE9E8F /* Subdivision.cpp */; };
		B5C688B515BEEF3100EE9E8F /* BSpline.cpp in Sources */ = {isa = PBXBuildFile; fileRef = B5C6889A15BEEF3100EE9E8F /* BSpline.cpp */; };
		B5C688B615BEEF3100EE9E8F /* Point3d.cpp in Sources */ = {isa = PBXBuildFile; fileRef = B5C6889C15BEEF3100EE9E8F /* Point3d.cpp */; };
		B5C688B715BEEF3100EE9E8F /* BubblePacking.cpp in Sources */ = {isa = PBXBuildFile; fileRef = B5C688A015BEEF3100EE9E8F /* BubblePacking.cpp */; };
		B5C688B815BEEF3100EE9E8F /* BubbleGeometry.cpp in Sources */ = {isa = PBXBuildFile; fileRef = B5C688A115BEEF3100EE9E8F /* BubbleGeometry.cpp */; };
		B5C688B915BEEF3100EE9E8F /* Spline.cpp in Sources */ = {isa = PBXBuildFile; fileRef = B5C688A215BEEF3100EE9E8F /* Spline.cpp */; };
		B5C688BA15BEEF3100EE9E8F /* Euler.cpp in Sources */ = {isa = PBXBuildFile; fileRef = B5C688A615BEEF3100EE9E8F /* Euler.cpp */; };
		B5C688BB15BEEF3100EE9E8F /* RungeKutta.cpp in Sources */ = {isa = PBXBuildFile; fileRef = B5C688A715BEEF3100EE9E8F /* RungeKutta.cpp */; };
		B5C688BC15BEEF3100EE9E8F /* Point2d.cpp in Sources */ = {isa = PBXBuildFile; fileRef = B5C688AC15BEEF3100EE9E8F /* Point2d.cpp */; };
		B5C688BD15BEEF3100EE9E8F /* Vector3D.cpp in Sources */ = {isa = PBXBuildFile; fileRef = B5C688AD15BEEF3100EE9E8F /* Vector3D.cpp */; };
		B5C688BE15BEEF3100EE9E8F /* Vector2D.cpp in Sources */ = {isa = PBXBuildFile; fileRef = B5C688AF15BEEF3100EE9E8F /* Vector2D.cpp */; };
		B5C688BF15BEEF3100EE9E8F /* SurfaceGeometry.c in Sources */ = {isa = PBXBuildFile; fileRef = B5C688B015BEEF3100EE9E8F /* SurfaceGeometry.c */; };
		B5C688C015BEEF3100EE9E8F /* trackball.c in Sources */ = {isa = PBXBuildFile; fileRef = B5C688B215BEEF3100EE9E8F /* trackball.c */; };
/* End PBXBuildFile section */

/* Begin PBXCopyFilesBuildPhase section */
		B5C6888515BEEC1400EE9E8F /* CopyFiles */ = {
			isa = PBXCopyFilesBuildPhase;
			buildActionMask = 2147483647;
			dstPath = /usr/share/man/man1/;
			dstSubfolderSpec = 0;
			files = (
				B5C6888E15BEEC1400EE9E8F /* Yui.1 in CopyFiles */,
			);
			runOnlyForDeploymentPostprocessing = 1;
		};
/* End PBXCopyFilesBuildPhase section */

/* Begin PBXFileReference section */
		103C739515F6530F00E8153F /* Boundary.cpp */ = {isa = PBXFileReference; fileEncoding = 4; lastKnownFileType = sourcecode.cpp.cpp; path = Boundary.cpp; sourceTree = "<group>"; };
		103C739615F6530F00E8153F /* Boundary.h */ = {isa = PBXFileReference; fileEncoding = 4; lastKnownFileType = sourcecode.c.h; path = Boundary.h; sourceTree = "<group>"; };
		104D9EC615FE8A500060E0F0 /* Util.cpp */ = {isa = PBXFileReference; fileEncoding = 4; lastKnownFileType = sourcecode.cpp.cpp; path = Util.cpp; sourceTree = "<group>"; };
		104D9EC715FE8A500060E0F0 /* Util.h */ = {isa = PBXFileReference; fileEncoding = 4; lastKnownFileType = sourcecode.c.h; path = Util.h; sourceTree = "<group>"; };
		1079C3CF15EFA3E200793A13 /* Common.h */ = {isa = PBXFileReference; fileEncoding = 4; lastKnownFileType = sourcecode.c.h; path = Common.h; sourceTree = "<group>"; };
		10A30B81170D976B002295F8 /* NSFD.h */ = {isa = PBXFileReference; fileEncoding = 4; lastKnownFileType = sourcecode.c.h; path = NSFD.h; sourceTree = "<group>"; };
		10A30B82170D9788002295F8 /* NSFD.cpp */ = {isa = PBXFileReference; fileEncoding = 4; lastKnownFileType = sourcecode.cpp.cpp; path = NSFD.cpp; sourceTree = "<group>"; };
		10A30B84170D9A8F002295F8 /* matrix.cpp */ = {isa = PBXFileReference; fileEncoding = 4; lastKnownFileType = sourcecode.cpp.cpp; path = matrix.cpp; sourceTree = "<group>"; };
		10A30B85170D9A90002295F8 /* matrix.h */ = {isa = PBXFileReference; fileEncoding = 4; lastKnownFileType = sourcecode.c.h; path = matrix.h; sourceTree = "<group>"; };
		10D5143C174403EB004C803F /* grid.cpp */ = {isa = PBXFileReference; fileEncoding = 4; lastKnownFileType = sourcecode.cpp.cpp; path = grid.cpp; sourceTree = "<group>"; };
		10D5143D174403EB004C803F /* grid.h */ = {isa = PBXFileReference; fileEncoding = 4; lastKnownFileType = sourcecode.c.h; path = grid.h; sourceTree = "<group>"; };
		B55CA48615C1B32400097BEB /* BubblePacking2D.h */ = {isa = PBXFileReference; fileEncoding = 4; lastKnownFileType = sourcecode.c.h; path = BubblePacking2D.h; sourceTree = "<group>"; };
		B55CA48815C1B33900097BEB /* BubblePacking2D.cpp */ = {isa = PBXFileReference; fileEncoding = 4; lastKnownFileType = sourcecode.cpp.cpp; path = BubblePacking2D.cpp; sourceTree = "<group>"; };
		B5C6888715BEEC1400EE9E8F /* Yui */ = {isa = PBXFileReference; explicitFileType = "compiled.mach-o.executable"; includeInIndex = 0; path = Yui; sourceTree = BUILT_PRODUCTS_DIR; };
		B5C6888B15BEEC1400EE9E8F /* main.cpp */ = {isa = PBXFileReference; lastKnownFileType = sourcecode.cpp.cpp; path = main.cpp; sourceTree = "<group>"; };
		B5C6888D15BEEC1400EE9E8F /* Yui.1 */ = {isa = PBXFileReference; lastKnownFileType = text.man; path = Yui.1; sourceTree = "<group>"; };
		B5C6889415BEEC2F00EE9E8F /* GLUT.framework */ = {isa = PBXFileReference; lastKnownFileType = wrapper.framework; name = GLUT.framework; path = System/Library/Frameworks/GLUT.framework; sourceTree = SDKROOT; };
		B5C6889615BEEC3600EE9E8F /* OpenGL.framework */ = {isa = PBXFileReference; lastKnownFileType = wrapper.framework; name = OpenGL.framework; path = System/Library/Frameworks/OpenGL.framework; sourceTree = SDKROOT; };
		B5C6889815BEEF3100EE9E8F /* Subdivision.cpp */ = {isa = PBXFileReference; fileEncoding = 4; lastKnownFileType = sourcecode.cpp.cpp; path = Subdivision.cpp; sourceTree = "<group>"; };
		B5C6889915BEEF3100EE9E8F /* Subdivision.h */ = {isa = PBXFileReference; fileEncoding = 4; lastKnownFileType = sourcecode.c.h; path = Subdivision.h; sourceTree = "<group>"; };
		B5C6889A15BEEF3100EE9E8F /* BSpline.cpp */ = {isa = PBXFileReference; fileEncoding = 4; lastKnownFileType = sourcecode.cpp.cpp; path = BSpline.cpp; sourceTree = "<group>"; };
		B5C6889B15BEEF3100EE9E8F /* BSpline.h */ = {isa = PBXFileReference; fileEncoding = 4; lastKnownFileType = sourcecode.c.h; path = BSpline.h; sourceTree = "<group>"; };
		B5C6889C15BEEF3100EE9E8F /* Point3d.cpp */ = {isa = PBXFileReference; fileEncoding = 4; lastKnownFileType = sourcecode.cpp.cpp; path = Point3d.cpp; sourceTree = "<group>"; };
		B5C6889D15BEEF3100EE9E8F /* Point3d.h */ = {isa = PBXFileReference; fileEncoding = 4; lastKnownFileType = sourcecode.c.h; path = Point3d.h; sourceTree = "<group>"; };
		B5C6889E15BEEF3100EE9E8F /* BubbleGeometry.h */ = {isa = PBXFileReference; fileEncoding = 4; lastKnownFileType = sourcecode.c.h; path = BubbleGeometry.h; sourceTree = "<group>"; };
		B5C6889F15BEEF3100EE9E8F /* BubblePacking.h */ = {isa = PBXFileReference; fileEncoding = 4; lastKnownFileType = sourcecode.c.h; path = BubblePacking.h; sourceTree = "<group>"; };
		B5C688A015BEEF3100EE9E8F /* BubblePacking.cpp */ = {isa = PBXFileReference; fileEncoding = 4; lastKnownFileType = sourcecode.cpp.cpp; path = BubblePacking.cpp; sourceTree = "<group>"; };
		B5C688A115BEEF3100EE9E8F /* BubbleGeometry.cpp */ = {isa = PBXFileReference; fileEncoding = 4; lastKnownFileType = sourcecode.cpp.cpp; path = BubbleGeometry.cpp; sourceTree = "<group>"; };
		B5C688A215BEEF3100EE9E8F /* Spline.cpp */ = {isa = PBXFileReference; fileEncoding = 4; lastKnownFileType = sourcecode.cpp.cpp; path = Spline.cpp; sourceTree = "<group>"; };
		B5C688A315BEEF3100EE9E8F /* Spline.h */ = {isa = PBXFileReference; fileEncoding = 4; lastKnownFileType = sourcecode.c.h; path = Spline.h; sourceTree = "<group>"; };
		B5C688A415BEEF3100EE9E8F /* AllColor.h */ = {isa = PBXFileReference; fileEncoding = 4; lastKnownFileType = sourcecode.c.h; path = AllColor.h; sourceTree = "<group>"; };
		B5C688A515BEEF3100EE9E8F /* Vector2D.h */ = {isa = PBXFileReference; fileEncoding = 4; lastKnownFileType = sourcecode.c.h; path = Vector2D.h; sourceTree = "<group>"; };
		B5C688A615BEEF3100EE9E8F /* Euler.cpp */ = {isa = PBXFileReference; fileEncoding = 4; lastKnownFileType = sourcecode.cpp.cpp; path = Euler.cpp; sourceTree = "<group>"; };
		B5C688A715BEEF3100EE9E8F /* RungeKutta.cpp */ = {isa = PBXFileReference; fileEncoding = 4; lastKnownFileType = sourcecode.cpp.cpp; path = RungeKutta.cpp; sourceTree = "<group>"; };
		B5C688A815BEEF3100EE9E8F /* BubbleDSt.h */ = {isa = PBXFileReference; fileEncoding = 4; lastKnownFileType = sourcecode.c.h; path = BubbleDSt.h; sourceTree = "<group>"; };
		B5C688A915BEEF3100EE9E8F /* RungeKutta.h */ = {isa = PBXFileReference; fileEncoding = 4; lastKnownFileType = sourcecode.c.h; path = RungeKutta.h; sourceTree = "<group>"; };
		B5C688AA15BEEF3100EE9E8F /* Euler.h */ = {isa = PBXFileReference; fileEncoding = 4; lastKnownFileType = sourcecode.c.h; path = Euler.h; sourceTree = "<group>"; };
		B5C688AB15BEEF3100EE9E8F /* Point2d.h */ = {isa = PBXFileReference; fileEncoding = 4; lastKnownFileType = sourcecode.c.h; path = Point2d.h; sourceTree = "<group>"; };
		B5C688AC15BEEF3100EE9E8F /* Point2d.cpp */ = {isa = PBXFileReference; fileEncoding = 4; lastKnownFileType = sourcecode.cpp.cpp; path = Point2d.cpp; sourceTree = "<group>"; };
		B5C688AD15BEEF3100EE9E8F /* Vector3D.cpp */ = {isa = PBXFileReference; fileEncoding = 4; lastKnownFileType = sourcecode.cpp.cpp; path = Vector3D.cpp; sourceTree = "<group>"; };
		B5C688AE15BEEF3100EE9E8F /* Vector3D.h */ = {isa = PBXFileReference; fileEncoding = 4; lastKnownFileType = sourcecode.c.h; path = Vector3D.h; sourceTree = "<group>"; };
		B5C688AF15BEEF3100EE9E8F /* Vector2D.cpp */ = {isa = PBXFileReference; fileEncoding = 4; lastKnownFileType = sourcecode.cpp.cpp; path = Vector2D.cpp; sourceTree = "<group>"; };
		B5C688B015BEEF3100EE9E8F /* SurfaceGeometry.c */ = {isa = PBXFileReference; fileEncoding = 4; lastKnownFileType = sourcecode.c.c; path = SurfaceGeometry.c; sourceTree = "<group>"; };
		B5C688B115BEEF3100EE9E8F /* SurfaceGeometry.h */ = {isa = PBXFileReference; fileEncoding = 4; lastKnownFileType = sourcecode.c.h; path = SurfaceGeometry.h; sourceTree = "<group>"; };
		B5C688B215BEEF3100EE9E8F /* trackball.c */ = {isa = PBXFileReference; fileEncoding = 4; lastKnownFileType = sourcecode.c.c; path = trackball.c; sourceTree = "<group>"; };
		B5C688B315BEEF3100EE9E8F /* trackball.h */ = {isa = PBXFileReference; fileEncoding = 4; lastKnownFileType = sourcecode.c.h; path = trackball.h; sourceTree = "<group>"; };
/* End PBXFileReference section */

/* Begin PBXFrameworksBuildPhase section */
		B5C6888415BEEC1400EE9E8F /* Frameworks */ = {
			isa = PBXFrameworksBuildPhase;
			buildActionMask = 2147483647;
			files = (
				B5C6889715BEEC3600EE9E8F /* OpenGL.framework in Frameworks */,
				B5C6889515BEEC2F00EE9E8F /* GLUT.framework in Frameworks */,
			);
			runOnlyForDeploymentPostprocessing = 0;
		};
/* End PBXFrameworksBuildPhase section */

/* Begin PBXGroup section */
		B5C6887C15BEEC1100EE9E8F = {
			isa = PBXGroup;
			children = (
				B5C6889615BEEC3600EE9E8F /* OpenGL.framework */,
				B5C6889415BEEC2F00EE9E8F /* GLUT.framework */,
				B5C6888A15BEEC1400EE9E8F /* Yui */,
				B5C6888815BEEC1400EE9E8F /* Products */,
			);
			sourceTree = "<group>";
		};
		B5C6888815BEEC1400EE9E8F /* Products */ = {
			isa = PBXGroup;
			children = (
				B5C6888715BEEC1400EE9E8F /* Yui */,
			);
			name = Products;
			sourceTree = "<group>";
		};
		B5C6888A15BEEC1400EE9E8F /* Yui */ = {
			isa = PBXGroup;
			children = (
				10D5143C174403EB004C803F /* grid.cpp */,
				10D5143D174403EB004C803F /* grid.h */,
				B5C6889815BEEF3100EE9E8F /* Subdivision.cpp */,
				B5C6889915BEEF3100EE9E8F /* Subdivision.h */,
				10A30B84170D9A8F002295F8 /* matrix.cpp */,
				10A30B85170D9A90002295F8 /* matrix.h */,
				B5C6889A15BEEF3100EE9E8F /* BSpline.cpp */,
				B5C6889B15BEEF3100EE9E8F /* BSpline.h */,
				B5C6889C15BEEF3100EE9E8F /* Point3d.cpp */,
				B5C6889D15BEEF3100EE9E8F /* Point3d.h */,
				B5C6889E15BEEF3100EE9E8F /* BubbleGeometry.h */,
				B5C6889F15BEEF3100EE9E8F /* BubblePacking.h */,
				B5C688A015BEEF3100EE9E8F /* BubblePacking.cpp */,
				B5C688A115BEEF3100EE9E8F /* BubbleGeometry.cpp */,
				B5C688A215BEEF3100EE9E8F /* Spline.cpp */,
				B5C688A315BEEF3100EE9E8F /* Spline.h */,
				B5C688A415BEEF3100EE9E8F /* AllColor.h */,
				B5C688A515BEEF3100EE9E8F /* Vector2D.h */,
				B5C688A615BEEF3100EE9E8F /* Euler.cpp */,
				B5C688A715BEEF3100EE9E8F /* RungeKutta.cpp */,
				B5C688A815BEEF3100EE9E8F /* BubbleDSt.h */,
				B5C688A915BEEF3100EE9E8F /* RungeKutta.h */,
				B5C688AA15BEEF3100EE9E8F /* Euler.h */,
				B5C688AB15BEEF3100EE9E8F /* Point2d.h */,
				B5C688AC15BEEF3100EE9E8F /* Point2d.cpp */,
				B5C688AD15BEEF3100EE9E8F /* Vector3D.cpp */,
				B5C688AE15BEEF3100EE9E8F /* Vector3D.h */,
				B5C688AF15BEEF3100EE9E8F /* Vector2D.cpp */,
				B5C688B015BEEF3100EE9E8F /* SurfaceGeometry.c */,
				B5C688B115BEEF3100EE9E8F /* SurfaceGeometry.h */,
				B5C688B215BEEF3100EE9E8F /* trackball.c */,
				B5C688B315BEEF3100EE9E8F /* trackball.h */,
				B5C6888B15BEEC1400EE9E8F /* main.cpp */,
				B55CA48615C1B32400097BEB /* BubblePacking2D.h */,
				B55CA48815C1B33900097BEB /* BubblePacking2D.cpp */,
				B5C6888D15BEEC1400EE9E8F /* Yui.1 */,
				1079C3CF15EFA3E200793A13 /* Common.h */,
				103C739515F6530F00E8153F /* Boundary.cpp */,
				103C739615F6530F00E8153F /* Boundary.h */,
				104D9EC615FE8A500060E0F0 /* Util.cpp */,
				104D9EC715FE8A500060E0F0 /* Util.h */,
				10A30B81170D976B002295F8 /* NSFD.h */,
				10A30B82170D9788002295F8 /* NSFD.cpp */,
			);
			path = Yui;
			sourceTree = "<group>";
		};
/* End PBXGroup section */

/* Begin PBXNativeTarget section */
		B5C6888615BEEC1400EE9E8F /* Yui */ = {
			isa = PBXNativeTarget;
			buildConfigurationList = B5C6889115BEEC1400EE9E8F /* Build configuration list for PBXNativeTarget "Yui" */;
			buildPhases = (
				B5C6888315BEEC1400EE9E8F /* Sources */,
				B5C6888415BEEC1400EE9E8F /* Frameworks */,
				B5C6888515BEEC1400EE9E8F /* CopyFiles */,
			);
			buildRules = (
			);
			dependencies = (
			);
			name = Yui;
			productName = Yui;
			productReference = B5C6888715BEEC1400EE9E8F /* Yui */;
			productType = "com.apple.product-type.tool";
		};
/* End PBXNativeTarget section */

/* Begin PBXProject section */
		B5C6887E15BEEC1100EE9E8F /* Project object */ = {
			isa = PBXProject;
			attributes = {
				LastUpgradeCheck = 0460;
				ORGANIZATIONNAME = "Carnegie Mellon University";
			};
			buildConfigurationList = B5C6888115BEEC1100EE9E8F /* Build configuration list for PBXProject "Yui" */;
			compatibilityVersion = "Xcode 3.2";
			developmentRegion = English;
			hasScannedForEncodings = 0;
			knownRegions = (
				en,
			);
			mainGroup = B5C6887C15BEEC1100EE9E8F;
			productRefGroup = B5C6888815BEEC1400EE9E8F /* Products */;
			projectDirPath = "";
			projectRoot = "";
			targets = (
				B5C6888615BEEC1400EE9E8F /* Yui */,
			);
		};
/* End PBXProject section */

/* Begin PBXSourcesBuildPhase section */
		B5C6888315BEEC1400EE9E8F /* Sources */ = {
			isa = PBXSourcesBuildPhase;
			buildActionMask = 2147483647;
			files = (
				B5C6888C15BEEC1400EE9E8F /* main.cpp in Sources */,
				B5C688B415BEEF3100EE9E8F /* Subdivision.cpp in Sources */,
				B5C688B515BEEF3100EE9E8F /* BSpline.cpp in Sources */,
				B5C688B615BEEF3100EE9E8F /* Point3d.cpp in Sources */,
				B5C688B715BEEF3100EE9E8F /* BubblePacking.cpp in Sources */,
				B5C688B815BEEF3100EE9E8F /* BubbleGeometry.cpp in Sources */,
				B5C688B915BEEF3100EE9E8F /* Spline.cpp in Sources */,
				B5C688BA15BEEF3100EE9E8F /* Euler.cpp in Sources */,
				B5C688BB15BEEF3100EE9E8F /* RungeKutta.cpp in Sources */,
				B5C688BC15BEEF3100EE9E8F /* Point2d.cpp in Sources */,
				B5C688BD15BEEF3100EE9E8F /* Vector3D.cpp in Sources */,
				B5C688BE15BEEF3100EE9E8F /* Vector2D.cpp in Sources */,
				B5C688BF15BEEF3100EE9E8F /* SurfaceGeometry.c in Sources */,
				B5C688C015BEEF3100EE9E8F /* trackball.c in Sources */,
				B55CA48915C1B33900097BEB /* BubblePacking2D.cpp in Sources */,
				103C739715F6530F00E8153F /* Boundary.cpp in Sources */,
				104D9EC815FE8A500060E0F0 /* Util.cpp in Sources */,
				10A30B83170D9788002295F8 /* NSFD.cpp in Sources */,
				10A30B86170D9A90002295F8 /* matrix.cpp in Sources */,
				10D5143E174403EB004C803F /* grid.cpp in Sources */,
			);
			runOnlyForDeploymentPostprocessing = 0;
		};
/* End PBXSourcesBuildPhase section */

/* Begin XCBuildConfiguration section */
		B5C6888F15BEEC1400EE9E8F /* Debug */ = {
			isa = XCBuildConfiguration;
			buildSettings = {
				ALWAYS_SEARCH_USER_PATHS = NO;
				ARCHS = "$(ARCHS_STANDARD_64_BIT)";
				CLANG_ENABLE_OBJC_ARC = YES;
				CLANG_WARN_CONSTANT_CONVERSION = YES;
				CLANG_WARN_ENUM_CONVERSION = YES;
				CLANG_WARN_INT_CONVERSION = YES;
				CLANG_WARN__DUPLICATE_METHOD_MATCH = YES;
				COPY_PHASE_STRIP = NO;
				GCC_C_LANGUAGE_STANDARD = gnu99;
				GCC_DYNAMIC_NO_PIC = NO;
				GCC_ENABLE_OBJC_EXCEPTIONS = YES;
				GCC_OPTIMIZATION_LEVEL = 0;
				GCC_PREPROCESSOR_DEFINITIONS = (
					"DEBUG=1",
					"$(inherited)",
				);
				GCC_SYMBOLS_PRIVATE_EXTERN = NO;
				GCC_VERSION = com.apple.compilers.llvm.clang.1_0;
				GCC_WARN_64_TO_32_BIT_CONVERSION = YES;
				GCC_WARN_ABOUT_RETURN_TYPE = YES;
				GCC_WARN_UNINITIALIZED_AUTOS = YES;
				GCC_WARN_UNUSED_VARIABLE = YES;
				MACOSX_DEPLOYMENT_TARGET = 10.7;
				ONLY_ACTIVE_ARCH = YES;
				SDKROOT = macosx;
			};
			name = Debug;
		};
		B5C6889015BEEC1400EE9E8F /* Release */ = {
			isa = XCBuildConfiguration;
			buildSettings = {
				ALWAYS_SEARCH_USER_PATHS = NO;
				ARCHS = "$(ARCHS_STANDARD_64_BIT)";
				CLANG_ENABLE_OBJC_ARC = YES;
				CLANG_WARN_CONSTANT_CONVERSION = YES;
				CLANG_WARN_ENUM_CONVERSION = YES;
				CLANG_WARN_INT_CONVERSION = YES;
				CLANG_WARN__DUPLICATE_METHOD_MATCH = YES;
				COPY_PHASE_STRIP = YES;
				DEBUG_INFORMATION_FORMAT = "dwarf-with-dsym";
				GCC_C_LANGUAGE_STANDARD = gnu99;
				GCC_ENABLE_OBJC_EXCEPTIONS = YES;
				GCC_VERSION = com.apple.compilers.llvm.clang.1_0;
				GCC_WARN_64_TO_32_BIT_CONVERSION = YES;
				GCC_WARN_ABOUT_RETURN_TYPE = YES;
				GCC_WARN_UNINITIALIZED_AUTOS = YES;
				GCC_WARN_UNUSED_VARIABLE = YES;
				MACOSX_DEPLOYMENT_TARGET = 10.7;
				SDKROOT = macosx;
			};
			name = Release;
		};
		B5C6889215BEEC1400EE9E8F /* Debug */ = {
			isa = XCBuildConfiguration;
			buildSettings = {
				PRODUCT_NAME = "$(TARGET_NAME)";
			};
			name = Debug;
		};
		B5C6889315BEEC1400EE9E8F /* Release */ = {
			isa = XCBuildConfiguration;
			buildSettings = {
				PRODUCT_NAME = "$(TARGET_NAME)";
			};
			name = Release;
		};
/* End XCBuildConfiguration section */

/* Begin XCConfigurationList section */
		B5C6888115BEEC1100EE9E8F /* Build configuration list for PBXProject "Yui" */ = {
			isa = XCConfigurationList;
			buildConfigurations = (
				B5C6888F15BEEC1400EE9E8F /* Debug */,
				B5C6889015BEEC1400EE9E8F /* Release */,
			);
			defaultConfigurationIsVisible = 0;
			defaultConfigurationName = Release;
		};
		B5C6889115BEEC1400EE9E8F /* Build configuration list for PBXNativeTarget "Yui" */ = {
			isa = XCConfigurationList;
			buildConfigurations = (
				B5C6889215BEEC1400EE9E8F /* Debug */,
				B5C6889315BEEC1400EE9E8F /* Release */,
			);
			defaultConfigurationIsVisible = 0;
			defaultConfigurationName = Release;
		};
/* End XCConfigurationList section */
	};
	rootObject = B5C6887E15BEEC1100EE9E8F /* Project object */;
}
